PODS:
  - boost (1.76.0)
  - DoubleConversion (1.1.6)
  - FBLazyVector (0.72.15)
  - FBReactNativeSpec (0.72.15):
    - RCT-Folly (= 2021.07.22.00)
    - RCTRequired (= 0.72.15)
    - RCTTypeSafety (= 0.72.15)
    - React-Core (= 0.72.15)
    - React-jsi (= 0.72.15)
    - ReactCommon/turbomodule/core (= 0.72.15)
  - fmt (6.2.1)
  - glog (0.3.5)
  - IOSV5-TCCore (5.4.0)
  - RCT-Folly (2021.07.22.00):
    - boost
    - DoubleConversion
    - fmt (~> 6.2.1)
    - glog
    - RCT-Folly/Default (= 2021.07.22.00)
  - RCT-Folly/Default (2021.07.22.00):
    - boost
    - DoubleConversion
    - fmt (~> 6.2.1)
    - glog
  - RCTRequired (0.72.15)
  - RCTTypeSafety (0.72.15):
    - FBLazyVector (= 0.72.15)
    - RCTRequired (= 0.72.15)
    - React-Core (= 0.72.15)
  - React (0.72.15):
    - React-Core (= 0.72.15)
    - React-Core/DevSupport (= 0.72.15)
    - React-Core/RCTWebSocket (= 0.72.15)
    - React-RCTActionSheet (= 0.72.15)
    - React-RCTAnimation (= 0.72.15)
    - React-RCTBlob (= 0.72.15)
    - React-RCTImage (= 0.72.15)
    - React-RCTLinking (= 0.72.15)
    - React-RCTNetwork (= 0.72.15)
    - React-RCTSettings (= 0.72.15)
    - React-RCTText (= 0.72.15)
    - React-RCTVibration (= 0.72.15)
  - React-callinvoker (0.72.15)
  - React-Codegen (0.72.15):
    - DoubleConversion
    - FBReactNativeSpec
    - glog
    - RCT-Folly
    - RCTRequired
    - RCTTypeSafety
    - React-Core
    - React-jsc
    - React-jsi
    - React-jsiexecutor
    - React-NativeModulesApple
    - React-rncore
    - ReactCommon/turbomodule/bridging
    - ReactCommon/turbomodule/core
  - React-Core (0.72.15):
    - glog
    - RCT-Folly (= 2021.07.22.00)
    - React-Core/Default (= 0.72.15)
    - React-cxxreact
    - React-jsc
    - React-jsi
    - React-jsiexecutor
    - React-perflogger
    - React-runtimeexecutor
    - React-utils
    - SocketRocket (= 0.6.1)
    - Yoga
  - React-Core/CoreModulesHeaders (0.72.15):
    - glog
    - RCT-Folly (= 2021.07.22.00)
    - React-Core/Default
    - React-cxxreact
    - React-jsc
    - React-jsi
    - React-jsiexecutor
    - React-perflogger
    - React-runtimeexecutor
    - React-utils
    - SocketRocket (= 0.6.1)
    - Yoga
  - React-Core/Default (0.72.15):
    - glog
    - RCT-Folly (= 2021.07.22.00)
    - React-cxxreact
    - React-jsc
    - React-jsi
    - React-jsiexecutor
    - React-perflogger
    - React-runtimeexecutor
    - React-utils
    - SocketRocket (= 0.6.1)
    - Yoga
  - React-Core/DevSupport (0.72.15):
    - glog
    - RCT-Folly (= 2021.07.22.00)
    - React-Core/Default (= 0.72.15)
    - React-Core/RCTWebSocket (= 0.72.15)
    - React-cxxreact
    - React-jsc
    - React-jsi
    - React-jsiexecutor
    - React-jsinspector (= 0.72.15)
    - React-perflogger
    - React-runtimeexecutor
    - React-utils
    - SocketRocket (= 0.6.1)
    - Yoga
  - React-Core/RCTActionSheetHeaders (0.72.15):
    - glog
    - RCT-Folly (= 2021.07.22.00)
    - React-Core/Default
    - React-cxxreact
    - React-jsc
    - React-jsi
    - React-jsiexecutor
    - React-perflogger
    - React-runtimeexecutor
    - React-utils
    - SocketRocket (= 0.6.1)
    - Yoga
  - React-Core/RCTAnimationHeaders (0.72.15):
    - glog
    - RCT-Folly (= 2021.07.22.00)
    - React-Core/Default
    - React-cxxreact
    - React-jsc
    - React-jsi
    - React-jsiexecutor
    - React-perflogger
    - React-runtimeexecutor
    - React-utils
    - SocketRocket (= 0.6.1)
    - Yoga
  - React-Core/RCTBlobHeaders (0.72.15):
    - glog
    - RCT-Folly (= 2021.07.22.00)
    - React-Core/Default
    - React-cxxreact
    - React-jsc
    - React-jsi
    - React-jsiexecutor
    - React-perflogger
    - React-runtimeexecutor
    - React-utils
    - SocketRocket (= 0.6.1)
    - Yoga
  - React-Core/RCTImageHeaders (0.72.15):
    - glog
    - RCT-Folly (= 2021.07.22.00)
    - React-Core/Default
    - React-cxxreact
    - React-jsc
    - React-jsi
    - React-jsiexecutor
    - React-perflogger
    - React-runtimeexecutor
    - React-utils
    - SocketRocket (= 0.6.1)
    - Yoga
  - React-Core/RCTLinkingHeaders (0.72.15):
    - glog
    - RCT-Folly (= 2021.07.22.00)
    - React-Core/Default
    - React-cxxreact
    - React-jsc
    - React-jsi
    - React-jsiexecutor
    - React-perflogger
    - React-runtimeexecutor
    - React-utils
    - SocketRocket (= 0.6.1)
    - Yoga
  - React-Core/RCTNetworkHeaders (0.72.15):
    - glog
    - RCT-Folly (= 2021.07.22.00)
    - React-Core/Default
    - React-cxxreact
    - React-jsc
    - React-jsi
    - React-jsiexecutor
    - React-perflogger
    - React-runtimeexecutor
    - React-utils
    - SocketRocket (= 0.6.1)
    - Yoga
  - React-Core/RCTSettingsHeaders (0.72.15):
    - glog
    - RCT-Folly (= 2021.07.22.00)
    - React-Core/Default
    - React-cxxreact
    - React-jsc
    - React-jsi
    - React-jsiexecutor
    - React-perflogger
    - React-runtimeexecutor
    - React-utils
    - SocketRocket (= 0.6.1)
    - Yoga
  - React-Core/RCTTextHeaders (0.72.15):
    - glog
    - RCT-Folly (= 2021.07.22.00)
    - React-Core/Default
    - React-cxxreact
    - React-jsc
    - React-jsi
    - React-jsiexecutor
    - React-perflogger
    - React-runtimeexecutor
    - React-utils
    - SocketRocket (= 0.6.1)
    - Yoga
  - React-Core/RCTVibrationHeaders (0.72.15):
    - glog
    - RCT-Folly (= 2021.07.22.00)
    - React-Core/Default
    - React-cxxreact
    - React-jsc
    - React-jsi
    - React-jsiexecutor
    - React-perflogger
    - React-runtimeexecutor
    - React-utils
    - SocketRocket (= 0.6.1)
    - Yoga
  - React-Core/RCTWebSocket (0.72.15):
    - glog
    - RCT-Folly (= 2021.07.22.00)
    - React-Core/Default (= 0.72.15)
    - React-cxxreact
    - React-jsc
    - React-jsi
    - React-jsiexecutor
    - React-perflogger
    - React-runtimeexecutor
    - React-utils
    - SocketRocket (= 0.6.1)
    - Yoga
  - React-CoreModules (0.72.15):
    - RCT-Folly (= 2021.07.22.00)
    - RCTTypeSafety (= 0.72.15)
    - React-Codegen (= 0.72.15)
    - React-Core/CoreModulesHeaders (= 0.72.15)
    - React-jsi (= 0.72.15)
    - React-RCTBlob
    - React-RCTImage (= 0.72.15)
    - ReactCommon/turbomodule/core (= 0.72.15)
    - SocketRocket (= 0.6.1)
  - React-cxxreact (0.72.15):
    - boost (= 1.76.0)
    - DoubleConversion
    - glog
    - RCT-Folly (= 2021.07.22.00)
    - React-callinvoker (= 0.72.15)
    - React-debug (= 0.72.15)
    - React-jsi (= 0.72.15)
    - React-jsinspector (= 0.72.15)
    - React-logger (= 0.72.15)
    - React-perflogger (= 0.72.15)
    - React-runtimeexecutor (= 0.72.15)
  - React-debug (0.72.15)
  - React-jsc (0.72.15):
    - React-jsc/Fabric (= 0.72.15)
    - React-jsi (= 0.72.15)
  - React-jsc/Fabric (0.72.15):
    - React-jsi (= 0.72.15)
  - React-jsi (0.72.15):
    - boost (= 1.76.0)
    - DoubleConversion
    - glog
    - RCT-Folly (= 2021.07.22.00)
  - React-jsiexecutor (0.72.15):
    - DoubleConversion
    - glog
    - RCT-Folly (= 2021.07.22.00)
    - React-cxxreact (= 0.72.15)
    - React-jsi (= 0.72.15)
    - React-perflogger (= 0.72.15)
  - React-jsinspector (0.72.15)
  - React-logger (0.72.15):
    - glog
  - React-NativeModulesApple (0.72.15):
    - React-callinvoker
    - React-Core
    - React-cxxreact
    - React-jsi
    - React-runtimeexecutor
    - ReactCommon/turbomodule/bridging
    - ReactCommon/turbomodule/core
  - React-perflogger (0.72.15)
  - React-RCTActionSheet (0.72.15):
    - React-Core/RCTActionSheetHeaders (= 0.72.15)
  - React-RCTAnimation (0.72.15):
    - RCT-Folly (= 2021.07.22.00)
    - RCTTypeSafety (= 0.72.15)
    - React-Codegen (= 0.72.15)
    - React-Core/RCTAnimationHeaders (= 0.72.15)
    - React-jsi (= 0.72.15)
    - ReactCommon/turbomodule/core (= 0.72.15)
  - React-RCTAppDelegate (0.72.15):
    - RCT-Folly
    - RCTRequired
    - RCTTypeSafety
    - React-Core
    - React-CoreModules
    - React-jsc
    - React-NativeModulesApple
    - React-RCTImage
    - React-RCTNetwork
    - React-runtimescheduler
    - ReactCommon/turbomodule/core
  - React-RCTBlob (0.72.15):
    - RCT-Folly (= 2021.07.22.00)
    - React-Codegen (= 0.72.15)
    - React-Core/RCTBlobHeaders (= 0.72.15)
    - React-Core/RCTWebSocket (= 0.72.15)
    - React-jsi (= 0.72.15)
    - React-RCTNetwork (= 0.72.15)
    - ReactCommon/turbomodule/core (= 0.72.15)
  - React-RCTImage (0.72.15):
    - RCT-Folly (= 2021.07.22.00)
    - RCTTypeSafety (= 0.72.15)
    - React-Codegen (= 0.72.15)
    - React-Core/RCTImageHeaders (= 0.72.15)
    - React-jsi (= 0.72.15)
    - React-RCTNetwork (= 0.72.15)
    - ReactCommon/turbomodule/core (= 0.72.15)
  - React-RCTLinking (0.72.15):
    - React-Codegen (= 0.72.15)
    - React-Core/RCTLinkingHeaders (= 0.72.15)
    - React-jsi (= 0.72.15)
    - ReactCommon/turbomodule/core (= 0.72.15)
  - React-RCTNetwork (0.72.15):
    - RCT-Folly (= 2021.07.22.00)
    - RCTTypeSafety (= 0.72.15)
    - React-Codegen (= 0.72.15)
    - React-Core/RCTNetworkHeaders (= 0.72.15)
    - React-jsi (= 0.72.15)
    - ReactCommon/turbomodule/core (= 0.72.15)
  - React-RCTSettings (0.72.15):
    - RCT-Folly (= 2021.07.22.00)
    - RCTTypeSafety (= 0.72.15)
    - React-Codegen (= 0.72.15)
    - React-Core/RCTSettingsHeaders (= 0.72.15)
    - React-jsi (= 0.72.15)
    - ReactCommon/turbomodule/core (= 0.72.15)
  - React-RCTText (0.72.15):
    - React-Core/RCTTextHeaders (= 0.72.15)
  - React-RCTVibration (0.72.15):
    - RCT-Folly (= 2021.07.22.00)
    - React-Codegen (= 0.72.15)
    - React-Core/RCTVibrationHeaders (= 0.72.15)
    - React-jsi (= 0.72.15)
    - ReactCommon/turbomodule/core (= 0.72.15)
  - React-rncore (0.72.15)
  - React-runtimeexecutor (0.72.15):
    - React-jsi (= 0.72.15)
  - React-runtimescheduler (0.72.15):
    - glog
    - RCT-Folly (= 2021.07.22.00)
    - React-callinvoker
    - React-debug
    - React-jsi
    - React-runtimeexecutor
  - React-utils (0.72.15):
    - glog
    - RCT-Folly (= 2021.07.22.00)
    - React-debug
  - ReactCommon/turbomodule/bridging (0.72.15):
    - DoubleConversion
    - glog
    - RCT-Folly (= 2021.07.22.00)
    - React-callinvoker (= 0.72.15)
    - React-cxxreact (= 0.72.15)
    - React-jsi (= 0.72.15)
    - React-logger (= 0.72.15)
    - React-perflogger (= 0.72.15)
  - ReactCommon/turbomodule/core (0.72.15):
    - DoubleConversion
    - glog
    - RCT-Folly (= 2021.07.22.00)
    - React-callinvoker (= 0.72.15)
    - React-cxxreact (= 0.72.15)
    - React-jsi (= 0.72.15)
    - React-logger (= 0.72.15)
    - React-perflogger (= 0.72.15)
  - SocketRocket (0.6.1)
  - tccore-react-native (1.2.3):
    - IOSV5-TCCore (= 5.4.0)
    - React-Core
  - tccore-react-native-swift (1.2.3):
    - IOSV5-TCCore (= 5.4.0)
    - tccore-react-native
  - tcserverside-react-native (1.2.2):
    - IOSV5-TCCore (= 5.4.0)
    - React-Core
    - TCServerSide_noIDFA (= 5.4.3)
  - tcserverside-react-native-swift (1.2.2):
    - IOSV5-TCCore (= 5.4.0)
    - tcserverside-react-native
    - TCServerSide_noIDFA (= 5.4.3)
  - TCServerSide_noIDFA (5.4.3)
  - Yoga (1.14.0)

DEPENDENCIES:
  - boost (from `../node_modules/react-native/third-party-podspecs/boost.podspec`)
  - DoubleConversion (from `../node_modules/react-native/third-party-podspecs/DoubleConversion.podspec`)
  - FBLazyVector (from `../node_modules/react-native/Libraries/FBLazyVector`)
  - FBReactNativeSpec (from `../node_modules/react-native/React/FBReactNativeSpec`)
  - glog (from `../node_modules/react-native/third-party-podspecs/glog.podspec`)
  - RCT-Folly (from `../node_modules/react-native/third-party-podspecs/RCT-Folly.podspec`)
  - RCTRequired (from `../node_modules/react-native/Libraries/RCTRequired`)
  - RCTTypeSafety (from `../node_modules/react-native/Libraries/TypeSafety`)
  - React (from `../node_modules/react-native/`)
  - React-callinvoker (from `../node_modules/react-native/ReactCommon/callinvoker`)
  - React-Codegen (from `build/generated/ios`)
  - React-Core (from `../node_modules/react-native/`)
  - React-Core/RCTWebSocket (from `../node_modules/react-native/`)
  - React-CoreModules (from `../node_modules/react-native/React/CoreModules`)
  - React-cxxreact (from `../node_modules/react-native/ReactCommon/cxxreact`)
  - React-debug (from `../node_modules/react-native/ReactCommon/react/debug`)
  - React-jsc (from `../node_modules/react-native/ReactCommon/jsc`)
  - React-jsi (from `../node_modules/react-native/ReactCommon/jsi`)
  - React-jsiexecutor (from `../node_modules/react-native/ReactCommon/jsiexecutor`)
  - React-jsinspector (from `../node_modules/react-native/ReactCommon/jsinspector`)
  - React-logger (from `../node_modules/react-native/ReactCommon/logger`)
  - React-NativeModulesApple (from `../node_modules/react-native/ReactCommon/react/nativemodule/core/platform/ios`)
  - React-perflogger (from `../node_modules/react-native/ReactCommon/reactperflogger`)
  - React-RCTActionSheet (from `../node_modules/react-native/Libraries/ActionSheetIOS`)
  - React-RCTAnimation (from `../node_modules/react-native/Libraries/NativeAnimation`)
  - React-RCTAppDelegate (from `../node_modules/react-native/Libraries/AppDelegate`)
  - React-RCTBlob (from `../node_modules/react-native/Libraries/Blob`)
  - React-RCTImage (from `../node_modules/react-native/Libraries/Image`)
  - React-RCTLinking (from `../node_modules/react-native/Libraries/LinkingIOS`)
  - React-RCTNetwork (from `../node_modules/react-native/Libraries/Network`)
  - React-RCTSettings (from `../node_modules/react-native/Libraries/Settings`)
  - React-RCTText (from `../node_modules/react-native/Libraries/Text`)
  - React-RCTVibration (from `../node_modules/react-native/Libraries/Vibration`)
  - React-rncore (from `../node_modules/react-native/ReactCommon`)
  - React-runtimeexecutor (from `../node_modules/react-native/ReactCommon/runtimeexecutor`)
  - React-runtimescheduler (from `../node_modules/react-native/ReactCommon/react/renderer/runtimescheduler`)
  - React-utils (from `../node_modules/react-native/ReactCommon/react/utils`)
  - ReactCommon/turbomodule/core (from `../node_modules/react-native/ReactCommon`)
  - "tccore-react-native (from `../node_modules/@commandersact/tccore-react-native`)"
  - "tccore-react-native-swift (from `../node_modules/@commandersact/tccore-react-native/tccore-react-native-swift.podspec`)"
  - tcserverside-react-native (from `../..`)
  - "tcserverside-react-native-swift (from `../node_modules/@commandersact/tcserverside-react-native/tcserverside-react-native-swift.podspec`)"
  - Yoga (from `../node_modules/react-native/ReactCommon/yoga`)

SPEC REPOS:
  trunk:
    - fmt
    - IOSV5-TCCore
    - SocketRocket
    - TCServerSide_noIDFA

EXTERNAL SOURCES:
  boost:
    :podspec: "../node_modules/react-native/third-party-podspecs/boost.podspec"
  DoubleConversion:
    :podspec: "../node_modules/react-native/third-party-podspecs/DoubleConversion.podspec"
  FBLazyVector:
    :path: "../node_modules/react-native/Libraries/FBLazyVector"
  FBReactNativeSpec:
    :path: "../node_modules/react-native/React/FBReactNativeSpec"
  glog:
    :podspec: "../node_modules/react-native/third-party-podspecs/glog.podspec"
  RCT-Folly:
    :podspec: "../node_modules/react-native/third-party-podspecs/RCT-Folly.podspec"
  RCTRequired:
    :path: "../node_modules/react-native/Libraries/RCTRequired"
  RCTTypeSafety:
    :path: "../node_modules/react-native/Libraries/TypeSafety"
  React:
    :path: "../node_modules/react-native/"
  React-callinvoker:
    :path: "../node_modules/react-native/ReactCommon/callinvoker"
  React-Codegen:
    :path: build/generated/ios
  React-Core:
    :path: "../node_modules/react-native/"
  React-CoreModules:
    :path: "../node_modules/react-native/React/CoreModules"
  React-cxxreact:
    :path: "../node_modules/react-native/ReactCommon/cxxreact"
  React-debug:
    :path: "../node_modules/react-native/ReactCommon/react/debug"
  React-jsc:
    :path: "../node_modules/react-native/ReactCommon/jsc"
  React-jsi:
    :path: "../node_modules/react-native/ReactCommon/jsi"
  React-jsiexecutor:
    :path: "../node_modules/react-native/ReactCommon/jsiexecutor"
  React-jsinspector:
    :path: "../node_modules/react-native/ReactCommon/jsinspector"
  React-logger:
    :path: "../node_modules/react-native/ReactCommon/logger"
  React-NativeModulesApple:
    :path: "../node_modules/react-native/ReactCommon/react/nativemodule/core/platform/ios"
  React-perflogger:
    :path: "../node_modules/react-native/ReactCommon/reactperflogger"
  React-RCTActionSheet:
    :path: "../node_modules/react-native/Libraries/ActionSheetIOS"
  React-RCTAnimation:
    :path: "../node_modules/react-native/Libraries/NativeAnimation"
  React-RCTAppDelegate:
    :path: "../node_modules/react-native/Libraries/AppDelegate"
  React-RCTBlob:
    :path: "../node_modules/react-native/Libraries/Blob"
  React-RCTImage:
    :path: "../node_modules/react-native/Libraries/Image"
  React-RCTLinking:
    :path: "../node_modules/react-native/Libraries/LinkingIOS"
  React-RCTNetwork:
    :path: "../node_modules/react-native/Libraries/Network"
  React-RCTSettings:
    :path: "../node_modules/react-native/Libraries/Settings"
  React-RCTText:
    :path: "../node_modules/react-native/Libraries/Text"
  React-RCTVibration:
    :path: "../node_modules/react-native/Libraries/Vibration"
  React-rncore:
    :path: "../node_modules/react-native/ReactCommon"
  React-runtimeexecutor:
    :path: "../node_modules/react-native/ReactCommon/runtimeexecutor"
  React-runtimescheduler:
    :path: "../node_modules/react-native/ReactCommon/react/renderer/runtimescheduler"
  React-utils:
    :path: "../node_modules/react-native/ReactCommon/react/utils"
  ReactCommon:
    :path: "../node_modules/react-native/ReactCommon"
  tccore-react-native:
    :path: "../node_modules/@commandersact/tccore-react-native"
  tccore-react-native-swift:
    :path: "../node_modules/@commandersact/tccore-react-native/tccore-react-native-swift.podspec"
  tcserverside-react-native:
    :path: "../.."
  tcserverside-react-native-swift:
    :path: "../node_modules/@commandersact/tcserverside-react-native/tcserverside-react-native-swift.podspec"
  Yoga:
    :path: "../node_modules/react-native/ReactCommon/yoga"

SPEC CHECKSUMS:
  boost: 7dcd2de282d72e344012f7d6564d024930a6a440
  DoubleConversion: 5189b271737e1565bdce30deb4a08d647e3f5f54
  FBLazyVector: 25cbffbaec517695d376ab4bc428948cd0f08088
  FBReactNativeSpec: e03b22fbf7017a6f76641ea4472e73c915dcdda7
  fmt: ff9d55029c625d3757ed641535fd4a75fedc7ce9
  glog: 04b94705f318337d7ead9e6d17c019bd9b1f6b1b
  IOSV5-TCCore: c8553e0df90cab10cc8bc4aa8c37baea452021b0
  RCT-Folly: 424b8c9a7a0b9ab2886ffe9c3b041ef628fd4fb1
  RCTRequired: fb207f74935626041e7308c9e88dcdda680f1073
  RCTTypeSafety: 146fd11361680250b7580dd1f7f601995cfad1b1
  React: f3712351445cc96ba507425675a0cd8d31321d0c
  React-callinvoker: dcc51a66e02d20a70aeca2abbb1388d4d3011bf8
  React-Codegen: 827fe7dcad273dbb5fd72067c3da973c6435464d
  React-Core: e268f05818c1ca1ffd7cb962c7b97d2f91061ea0
  React-CoreModules: 8f51cf66f7d25d7d1bd009168df709e81b6ac155
  React-cxxreact: d2d14fc0c0782bd9ed7a556892769b4034ae027c
  React-debug: 90b3e19503fd156170027d2d5bf93880f968c920
  React-jsc: 9ffa4c837c5286366d27c892b6c7c34da3cd5f3d
  React-jsi: 020729f637b93456de0018061d44ce36f33c2d8a
  React-jsiexecutor: ce8ecfcd3b7dbc9cb65a661110be17f5afd18aa3
  React-jsinspector: b86a8abae760c28d69366bbc1d991561e51341ed
  React-logger: ed7c9e01e58529065e7da6bf8318baf15024283e
  React-NativeModulesApple: bcf1bd6d5f684e41e22ee16124728e0da5660e20
  React-perflogger: 6acc671f527e69c0cd93b8e62821d33d3ddf25ca
  React-RCTActionSheet: 569bb9db46d85565d14697e15ecf2166e035eb07
  React-RCTAnimation: fdf4c2ebb36ec54c30549c8ac271e5fbea10fe41
  React-RCTAppDelegate: dc481b65c3b812542f47a4fa734ad15fde5119aa
  React-RCTBlob: 678ae6cbbb6585a259c78ec0a5fb0ffe31fc98e0
  React-RCTImage: c0c941121b5a423d44ab8e5426fd871d50a9c6b6
  React-RCTLinking: 620e07dc9217af617e4540bfe6e851bde0070700
  React-RCTNetwork: e20e521de2ada7a3ab3777de28093cdc940d6b63
  React-RCTSettings: 798d8ef921b31be0cce32d39064c7839f231d069
  React-RCTText: 82562208357b11285ffa8d7b33a9d769612a8101
  React-RCTVibration: 1385c17d7b75f68b9567b96869f16d79aff002e7
  React-rncore: ec681c42589abf33de39a8b3487463fac7649099
  React-runtimeexecutor: d4f7ff5073fcf87e14dbf89541d434218630246e
  React-runtimescheduler: f2af7807dcf547382869d9179ba75ea82d96bdc3
  React-utils: a2dfc4c77bb4f7fe4080219a82ace8929f334b1a
  ReactCommon: 9ca1e7246b0393d0831b9e94f765b13c707bf051
  SocketRocket: f32cd54efbe0f095c4d7594881e52619cfe80b17
  tccore-react-native: 3293032359bfb6f5c6af46086e3b80042c79ea93
  tccore-react-native-swift: 101b2121a8edbe8bce98f5a3eb4e57c71538dfde
  tcserverside-react-native: 7965b33427e7a058460dfb80570e1743ca996972
  tcserverside-react-native-swift: 862d956acdc3355dfae8bc36f1fd82c797590135
  TCServerSide_noIDFA: 86a8ed5685a937190bbd0f8657834864eeaf6886
  Yoga: 6f5ab94cd8b1ecd04b6e973d0bc583ede2a598cc

PODFILE CHECKSUM: 7da399f0c4ac506243bf54d831b47343a0517eeb

COCOAPODS: 1.15.2
